PODS:
  - CZWeatherKit (1.0.0)
  - DateTools (1.4.3)
  - LLARingSpinnerView (0.1.2)
  - SPGooglePlacesAutocomplete (1.0.3)

DEPENDENCIES:
  - CZWeatherKit
  - DateTools
  - LLARingSpinnerView
  - SPGooglePlacesAutocomplete

SPEC CHECKSUMS:
  CZWeatherKit: 87265f050e9a7c14fe219c4e66e27f842e2aed91
  DateTools: 7c2d233ea2d4bda3a717d0cd5f58da926a5998d0
  LLARingSpinnerView: b9ee4453c976bc8edca6cc41a4d7e41280f85fc6
  SPGooglePlacesAutocomplete: 4caf647c644fe749df0d63a7e2c3e63f57990fdd

COCOAPODS: 0.34.4
